// !$*UTF8*$!
{
	archiveVersion = 1;
	classes = {
	};
	objectVersion = 46;
	objects = {

/* Begin PBXBuildFile section */
		5A37D72A1F24D29A00BCE48A /* AppDelegate.swift in Sources */ = {isa = PBXBuildFile; fileRef = 5A37D7291F24D29A00BCE48A /* AppDelegate.swift */; };
		5A37D72C1F24D29A00BCE48A /* ViewController.swift in Sources */ = {isa = PBXBuildFile; fileRef = 5A37D72B1F24D29A00BCE48A /* ViewController.swift */; };
		5A37D72F1F24D29A00BCE48A /* Main.storyboard in Resources */ = {isa = PBXBuildFile; fileRef = 5A37D72D1F24D29A00BCE48A /* Main.storyboard */; };
		5A37D7321F24D29A00BCE48A /* OmrisChat.xcdatamodeld in Sources */ = {isa = PBXBuildFile; fileRef = 5A37D7301F24D29A00BCE48A /* OmrisChat.xcdatamodeld */; };
		5A37D7341F24D29A00BCE48A /* Assets.xcassets in Resources */ = {isa = PBXBuildFile; fileRef = 5A37D7331F24D29A00BCE48A /* Assets.xcassets */; };
		5A37D7371F24D29A00BCE48A /* LaunchScreen.storyboard in Resources */ = {isa = PBXBuildFile; fileRef = 5A37D7351F24D29A00BCE48A /* LaunchScreen.storyboard */; };
		5A37D7421F24D29A00BCE48A /* OmrisChatTests.swift in Sources */ = {isa = PBXBuildFile; fileRef = 5A37D7411F24D29A00BCE48A /* OmrisChatTests.swift */; };
		5A37D74D1F24D29A00BCE48A /* OmrisChatUITests.swift in Sources */ = {isa = PBXBuildFile; fileRef = 5A37D74C1F24D29A00BCE48A /* OmrisChatUITests.swift */; };
/* End PBXBuildFile section */

/* Begin PBXContainerItemProxy section */
		5A37D73E1F24D29A00BCE48A /* PBXContainerItemProxy */ = {
			isa = PBXContainerItemProxy;
			containerPortal = 5A37D71E1F24D29A00BCE48A /* Project object */;
			proxyType = 1;
			remoteGlobalIDString = 5A37D7251F24D29A00BCE48A;
			remoteInfo = OmrisChat;
		};
		5A37D7491F24D29A00BCE48A /* PBXContainerItemProxy */ = {
			isa = PBXContainerItemProxy;
			containerPortal = 5A37D71E1F24D29A00BCE48A /* Project object */;
			proxyType = 1;
			remoteGlobalIDString = 5A37D7251F24D29A00BCE48A;
			remoteInfo = OmrisChat;
		};
/* End PBXContainerItemProxy section */

/* Begin PBXFileReference section */
		5A37D7261F24D29A00BCE48A /* OmrisChat.app */ = {isa = PBXFileReference; explicitFileType = wrapper.application; includeInIndex = 0; path = OmrisChat.app; sourceTree = BUILT_PRODUCTS_DIR; };
		5A37D7291F24D29A00BCE48A /* AppDelegate.swift */ = {isa = PBXFileReference; lastKnownFileType = sourcecode.swift; path = AppDelegate.swift; sourceTree = "<group>"; };
		5A37D72B1F24D29A00BCE48A /* ViewController.swift */ = {isa = PBXFileReference; lastKnownFileType = sourcecode.swift; path = ViewController.swift; sourceTree = "<group>"; };
		5A37D72E1F24D29A00BCE48A /* Base */ = {isa = PBXFileReference; lastKnownFileType = file.storyboard; name = Base; path = Base.lproj/Main.storyboard; sourceTree = "<group>"; };
		5A37D7311F24D29A00BCE48A /* OmrisChat.xcdatamodel */ = {isa = PBXFileReference; lastKnownFileType = wrapper.xcdatamodel; path = OmrisChat.xcdatamodel; sourceTree = "<group>"; };
		5A37D7331F24D29A00BCE48A /* Assets.xcassets */ = {isa = PBXFileReference; lastKnownFileType = folder.assetcatalog; path = Assets.xcassets; sourceTree = "<group>"; };
		5A37D7361F24D29A00BCE48A /* Base */ = {isa = PBXFileReference; lastKnownFileType = file.storyboard; name = Base; path = Base.lproj/LaunchScreen.storyboard; sourceTree = "<group>"; };
		5A37D7381F24D29A00BCE48A /* Info.plist */ = {isa = PBXFileReference; lastKnownFileType = text.plist.xml; path = Info.plist; sourceTree = "<group>"; };
		5A37D73D1F24D29A00BCE48A /* OmrisChatTests.xctest */ = {isa = PBXFileReference; explicitFileType = wrapper.cfbundle; includeInIndex = 0; path = OmrisChatTests.xctest; sourceTree = BUILT_PRODUCTS_DIR; };
		5A37D7411F24D29A00BCE48A /* OmrisChatTests.swift */ = {isa = PBXFileReference; lastKnownFileType = sourcecode.swift; path = OmrisChatTests.swift; sourceTree = "<group>"; };
		5A37D7431F24D29A00BCE48A /* Info.plist */ = {isa = PBXFileReference; lastKnownFileType = text.plist.xml; path = Info.plist; sourceTree = "<group>"; };
		5A37D7481F24D29A00BCE48A /* OmrisChatUITests.xctest */ = {isa = PBXFileReference; explicitFileType = wrapper.cfbundle; includeInIndex = 0; path = OmrisChatUITests.xctest; sourceTree = BUILT_PRODUCTS_DIR; };
		5A37D74C1F24D29A00BCE48A /* OmrisChatUITests.swift */ = {isa = PBXFileReference; lastKnownFileType = sourcecode.swift; path = OmrisChatUITests.swift; sourceTree = "<group>"; };
		5A37D74E1F24D29A00BCE48A /* Info.plist */ = {isa = PBXFileReference; lastKnownFileType = text.plist.xml; path = Info.plist; sourceTree = "<group>"; };
/* End PBXFileReference section */

/* Begin PBXFrameworksBuildPhase section */
		5A37D7231F24D29A00BCE48A /* Frameworks */ = {
			isa = PBXFrameworksBuildPhase;
			buildActionMask = 2147483647;
			files = (
			);
			runOnlyForDeploymentPostprocessing = 0;
		};
		5A37D73A1F24D29A00BCE48A /* Frameworks */ = {
			isa = PBXFrameworksBuildPhase;
			buildActionMask = 2147483647;
			files = (
			);
			runOnlyForDeploymentPostprocessing = 0;
		};
		5A37D7451F24D29A00BCE48A /* Frameworks */ = {
			isa = PBXFrameworksBuildPhase;
			buildActionMask = 2147483647;
			files = (
			);
			runOnlyForDeploymentPostprocessing = 0;
		};
/* End PBXFrameworksBuildPhase section */

/* Begin PBXGroup section */
		5A37D71D1F24D29A00BCE48A = {
			isa = PBXGroup;
			children = (
				5A37D7281F24D29A00BCE48A /* OmrisChat */,
				5A37D7401F24D29A00BCE48A /* OmrisChatTests */,
				5A37D74B1F24D29A00BCE48A /* OmrisChatUITests */,
				5A37D7271F24D29A00BCE48A /* Products */,
			);
			sourceTree = "<group>";
		};
		5A37D7271F24D29A00BCE48A /* Products */ = {
			isa = PBXGroup;
			children = (
				5A37D7261F24D29A00BCE48A /* OmrisChat.app */,
				5A37D73D1F24D29A00BCE48A /* OmrisChatTests.xctest */,
				5A37D7481F24D29A00BCE48A /* OmrisChatUITests.xctest */,
			);
			name = Products;
			sourceTree = "<group>";
		};
		5A37D7281F24D29A00BCE48A /* OmrisChat */ = {
			isa = PBXGroup;
			children = (
				5A37D7291F24D29A00BCE48A /* AppDelegate.swift */,
				5A37D72B1F24D29A00BCE48A /* ViewController.swift */,
				5A37D72D1F24D29A00BCE48A /* Main.storyboard */,
				5A37D7331F24D29A00BCE48A /* Assets.xcassets */,
				5A37D7351F24D29A00BCE48A /* LaunchScreen.storyboard */,
				5A37D7381F24D29A00BCE48A /* Info.plist */,
				5A37D7301F24D29A00BCE48A /* OmrisChat.xcdatamodeld */,
			);
			path = OmrisChat;
			sourceTree = "<group>";
		};
		5A37D7401F24D29A00BCE48A /* OmrisChatTests */ = {
			isa = PBXGroup;
			children = (
				5A37D7411F24D29A00BCE48A /* OmrisChatTests.swift */,
				5A37D7431F24D29A00BCE48A /* Info.plist */,
			);
			path = OmrisChatTests;
			sourceTree = "<group>";
		};
		5A37D74B1F24D29A00BCE48A /* OmrisChatUITests */ = {
			isa = PBXGroup;
			children = (
				5A37D74C1F24D29A00BCE48A /* OmrisChatUITests.swift */,
				5A37D74E1F24D29A00BCE48A /* Info.plist */,
			);
			path = OmrisChatUITests;
			sourceTree = "<group>";
		};
/* End PBXGroup section */

/* Begin PBXNativeTarget section */
		5A37D7251F24D29A00BCE48A /* OmrisChat */ = {
			isa = PBXNativeTarget;
			buildConfigurationList = 5A37D7511F24D29A00BCE48A /* Build configuration list for PBXNativeTarget "OmrisChat" */;
			buildPhases = (
				5A37D7221F24D29A00BCE48A /* Sources */,
				5A37D7231F24D29A00BCE48A /* Frameworks */,
				5A37D7241F24D29A00BCE48A /* Resources */,
			);
			buildRules = (
			);
			dependencies = (
			);
			name = OmrisChat;
			productName = OmrisChat;
			productReference = 5A37D7261F24D29A00BCE48A /* OmrisChat.app */;
			productType = "com.apple.product-type.application";
		};
		5A37D73C1F24D29A00BCE48A /* OmrisChatTests */ = {
			isa = PBXNativeTarget;
			buildConfigurationList = 5A37D7541F24D29A00BCE48A /* Build configuration list for PBXNativeTarget "OmrisChatTests" */;
			buildPhases = (
				5A37D7391F24D29A00BCE48A /* Sources */,
				5A37D73A1F24D29A00BCE48A /* Frameworks */,
				5A37D73B1F24D29A00BCE48A /* Resources */,
			);
			buildRules = (
			);
			dependencies = (
				5A37D73F1F24D29A00BCE48A /* PBXTargetDependency */,
			);
			name = OmrisChatTests;
			productName = OmrisChatTests;
			productReference = 5A37D73D1F24D29A00BCE48A /* OmrisChatTests.xctest */;
			productType = "com.apple.product-type.bundle.unit-test";
		};
		5A37D7471F24D29A00BCE48A /* OmrisChatUITests */ = {
			isa = PBXNativeTarget;
			buildConfigurationList = 5A37D7571F24D29A00BCE48A /* Build configuration list for PBXNativeTarget "OmrisChatUITests" */;
			buildPhases = (
				5A37D7441F24D29A00BCE48A /* Sources */,
				5A37D7451F24D29A00BCE48A /* Frameworks */,
				5A37D7461F24D29A00BCE48A /* Resources */,
			);
			buildRules = (
			);
			dependencies = (
				5A37D74A1F24D29A00BCE48A /* PBXTargetDependency */,
			);
			name = OmrisChatUITests;
			productName = OmrisChatUITests;
			productReference = 5A37D7481F24D29A00BCE48A /* OmrisChatUITests.xctest */;
			productType = "com.apple.product-type.bundle.ui-testing";
		};
/* End PBXNativeTarget section */

/* Begin PBXProject section */
		5A37D71E1F24D29A00BCE48A /* Project object */ = {
			isa = PBXProject;
			attributes = {
				LastSwiftUpdateCheck = 0830;
				LastUpgradeCheck = 0830;
				ORGANIZATIONNAME = "Omri Shalev";
				TargetAttributes = {
					5A37D7251F24D29A00BCE48A = {
						CreatedOnToolsVersion = 8.3.3;
						DevelopmentTeam = 77ZCVN8VS2;
						ProvisioningStyle = Automatic;
					};
					5A37D73C1F24D29A00BCE48A = {
						CreatedOnToolsVersion = 8.3.3;
						DevelopmentTeam = 77ZCVN8VS2;
						ProvisioningStyle = Automatic;
						TestTargetID = 5A37D7251F24D29A00BCE48A;
					};
					5A37D7471F24D29A00BCE48A = {
						CreatedOnToolsVersion = 8.3.3;
						DevelopmentTeam = 77ZCVN8VS2;
						ProvisioningStyle = Automatic;
						TestTargetID = 5A37D7251F24D29A00BCE48A;
					};
				};
			};
			buildConfigurationList = 5A37D7211F24D29A00BCE48A /* Build configuration list for PBXProject "OmrisChat" */;
			compatibilityVersion = "Xcode 3.2";
			developmentRegion = English;
			hasScannedForEncodings = 0;
			knownRegions = (
				en,
				Base,
			);
			mainGroup = 5A37D71D1F24D29A00BCE48A;
			productRefGroup = 5A37D7271F24D29A00BCE48A /* Products */;
			projectDirPath = "";
			projectRoot = "";
			targets = (
				5A37D7251F24D29A00BCE48A /* OmrisChat */,
				5A37D73C1F24D29A00BCE48A /* OmrisChatTests */,
				5A37D7471F24D29A00BCE48A /* OmrisChatUITests */,
			);
		};
/* End PBXProject section */

/* Begin PBXResourcesBuildPhase section */
		5A37D7241F24D29A00BCE48A /* Resources */ = {
			isa = PBXResourcesBuildPhase;
			buildActionMask = 2147483647;
			files = (
				5A37D7371F24D29A00BCE48A /* LaunchScreen.storyboard in Resources */,
				5A37D7341F24D29A00BCE48A /* Assets.xcassets in Resources */,
				5A37D72F1F24D29A00BCE48A /* Main.storyboard in Resources */,
			);
			runOnlyForDeploymentPostprocessing = 0;
		};
		5A37D73B1F24D29A00BCE48A /* Resources */ = {
			isa = PBXResourcesBuildPhase;
			buildActionMask = 2147483647;
			files = (
			);
			runOnlyForDeploymentPostprocessing = 0;
		};
		5A37D7461F24D29A00BCE48A /* Resources */ = {
			isa = PBXResourcesBuildPhase;
			buildActionMask = 2147483647;
			files = (
			);
			runOnlyForDeploymentPostprocessing = 0;
		};
/* End PBXResourcesBuildPhase section */

/* Begin PBXSourcesBuildPhase section */
		5A37D7221F24D29A00BCE48A /* Sources */ = {
			isa = PBXSourcesBuildPhase;
			buildActionMask = 2147483647;
			files = (
				5A37D7321F24D29A00BCE48A /* OmrisChat.xcdatamodeld in Sources */,
				5A37D72C1F24D29A00BCE48A /* ViewController.swift in Sources */,
				5A37D72A1F24D29A00BCE48A /* AppDelegate.swift in Sources */,
			);
			runOnlyForDeploymentPostprocessing = 0;
		};
		5A37D7391F24D29A00BCE48A /* Sources */ = {
			isa = PBXSourcesBuildPhase;
			buildActionMask = 2147483647;
			files = (
				5A37D7421F24D29A00BCE48A /* OmrisChatTests.swift in Sources */,
			);
			runOnlyForDeploymentPostprocessing = 0;
		};
		5A37D7441F24D29A00BCE48A /* Sources */ = {
			isa = PBXSourcesBuildPhase;
			buildActionMask = 2147483647;
			files = (
				5A37D74D1F24D29A00BCE48A /* OmrisChatUITests.swift in Sources */,
			);
			runOnlyForDeploymentPostprocessing = 0;
		};
/* End PBXSourcesBuildPhase section */

/* Begin PBXTargetDependency section */
		5A37D73F1F24D29A00BCE48A /* PBXTargetDependency */ = {
			isa = PBXTargetDependency;
			target = 5A37D7251F24D29A00BCE48A /* OmrisChat */;
			targetProxy = 5A37D73E1F24D29A00BCE48A /* PBXContainerItemProxy */;
		};
		5A37D74A1F24D29A00BCE48A /* PBXTargetDependency */ = {
			isa = PBXTargetDependency;
			target = 5A37D7251F24D29A00BCE48A /* OmrisChat */;
			targetProxy = 5A37D7491F24D29A00BCE48A /* PBXContainerItemProxy */;
		};
/* End PBXTargetDependency section */

/* Begin PBXVariantGroup section */
		5A37D72D1F24D29A00BCE48A /* Main.storyboard */ = {
			isa = PBXVariantGroup;
			children = (
				5A37D72E1F24D29A00BCE48A /* Base */,
			);
			name = Main.storyboard;
			sourceTree = "<group>";
		};
		5A37D7351F24D29A00BCE48A /* LaunchScreen.storyboard */ = {
			isa = PBXVariantGroup;
			children = (
				5A37D7361F24D29A00BCE48A /* Base */,
			);
			name = LaunchScreen.storyboard;
			sourceTree = "<group>";
		};
/* End PBXVariantGroup section */

/* Begin XCBuildConfiguration section */
		5A37D74F1F24D29A00BCE48A /* Debug */ = {
			isa = XCBuildConfiguration;
			buildSettings = {
				ALWAYS_SEARCH_USER_PATHS = NO;
				CLANG_ANALYZER_NONNULL = YES;
				CLANG_ANALYZER_NUMBER_OBJECT_CONVERSION = YES_AGGRESSIVE;
				CLANG_CXX_LANGUAGE_STANDARD = "gnu++0x";
				CLANG_CXX_LIBRARY = "libc++";
				CLANG_ENABLE_MODULES = YES;
				CLANG_ENABLE_OBJC_ARC = YES;
				CLANG_WARN_BOOL_CONVERSION = YES;
				CLANG_WARN_CONSTANT_CONVERSION = YES;
				CLANG_WARN_DIRECT_OBJC_ISA_USAGE = YES_ERROR;
				CLANG_WARN_DOCUMENTATION_COMMENTS = YES;
				CLANG_WARN_EMPTY_BODY = YES;
				CLANG_WARN_ENUM_CONVERSION = YES;
				CLANG_WARN_INFINITE_RECURSION = YES;
				CLANG_WARN_INT_CONVERSION = YES;
				CLANG_WARN_OBJC_ROOT_CLASS = YES_ERROR;
				CLANG_WARN_SUSPICIOUS_MOVE = YES;
				CLANG_WARN_UNREACHABLE_CODE = YES;
				CLANG_WARN__DUPLICATE_METHOD_MATCH = YES;
				"CODE_SIGN_IDENTITY[sdk=iphoneos*]" = "iPhone Developer";
				COPY_PHASE_STRIP = NO;
				DEBUG_INFORMATION_FORMAT = dwarf;
				ENABLE_STRICT_OBJC_MSGSEND = YES;
				ENABLE_TESTABILITY = YES;
				GCC_C_LANGUAGE_STANDARD = gnu99;
				GCC_DYNAMIC_NO_PIC = NO;
				GCC_NO_COMMON_BLOCKS = YES;
				GCC_OPTIMIZATION_LEVEL = 0;
				GCC_PREPROCESSOR_DEFINITIONS = (
					"DEBUG=1",
					"$(inherited)",
				);
				GCC_WARN_64_TO_32_BIT_CONVERSION = YES;
				GCC_WARN_ABOUT_RETURN_TYPE = YES_ERROR;
				GCC_WARN_UNDECLARED_SELECTOR = YES;
				GCC_WARN_UNINITIALIZED_AUTOS = YES_AGGRESSIVE;
				GCC_WARN_UNUSED_FUNCTION = YES;
				GCC_WARN_UNUSED_VARIABLE = YES;
				IPHONEOS_DEPLOYMENT_TARGET = 10.3;
				MTL_ENABLE_DEBUG_INFO = YES;
				ONLY_ACTIVE_ARCH = YES;
				SDKROOT = iphoneos;
				SWIFT_ACTIVE_COMPILATION_CONDITIONS = DEBUG;
				SWIFT_OPTIMIZATION_LEVEL = "-Onone";
				TARGETED_DEVICE_FAMILY = "1,2";
			};
			name = Debug;
		};
		5A37D7501F24D29A00BCE48A /* Release */ = {
			isa = XCBuildConfiguration;
			buildSettings = {
				ALWAYS_SEARCH_USER_PATHS = NO;
				CLANG_ANALYZER_NONNULL = YES;
				CLANG_ANALYZER_NUMBER_OBJECT_CONVERSION = YES_AGGRESSIVE;
				CLANG_CXX_LANGUAGE_STANDARD = "gnu++0x";
				CLANG_CXX_LIBRARY = "libc++";
				CLANG_ENABLE_MODULES = YES;
				CLANG_ENABLE_OBJC_ARC = YES;
				CLANG_WARN_BOOL_CONVERSION = YES;
				CLANG_WARN_CONSTANT_CONVERSION = YES;
				CLANG_WARN_DIRECT_OBJC_ISA_USAGE = YES_ERROR;
				CLANG_WARN_DOCUMENTATION_COMMENTS = YES;
				CLANG_WARN_EMPTY_BODY = YES;
				CLANG_WARN_ENUM_CONVERSION = YES;
				CLANG_WARN_INFINITE_RECURSION = YES;
				CLANG_WARN_INT_CONVERSION = YES;
				CLANG_WARN_OBJC_ROOT_CLASS = YES_ERROR;
				CLANG_WARN_SUSPICIOUS_MOVE = YES;
				CLANG_WARN_UNREACHABLE_CODE = YES;
				CLANG_WARN__DUPLICATE_METHOD_MATCH = YES;
				"CODE_SIGN_IDENTITY[sdk=iphoneos*]" = "iPhone Developer";
				COPY_PHASE_STRIP = NO;
				DEBUG_INFORMATION_FORMAT = "dwarf-with-dsym";
				ENABLE_NS_ASSERTIONS = NO;
				ENABLE_STRICT_OBJC_MSGSEND = YES;
				GCC_C_LANGUAGE_STANDARD = gnu99;
				GCC_NO_COMMON_BLOCKS = YES;
				GCC_WARN_64_TO_32_BIT_CONVERSION = YES;
				GCC_WARN_ABOUT_RETURN_TYPE = YES_ERROR;
				GCC_WARN_UNDECLARED_SELECTOR = YES;
				GCC_WARN_UNINITIALIZED_AUTOS = YES_AGGRESSIVE;
				GCC_WARN_UNUSED_FUNCTION = YES;
				GCC_WARN_UNUSED_VARIABLE = YES;
				IPHONEOS_DEPLOYMENT_TARGET = 10.3;
				MTL_ENABLE_DEBUG_INFO = NO;
				SDKROOT = iphoneos;
				SWIFT_OPTIMIZATION_LEVEL = "-Owholemodule";
				TARGETED_DEVICE_FAMILY = "1,2";
				VALIDATE_PRODUCT = YES;
			};
			name = Release;
		};
		5A37D7521F24D29A00BCE48A /* Debug */ = {
			isa = XCBuildConfiguration;
			buildSettings = {
				ASSETCATALOG_COMPILER_APPICON_NAME = AppIcon;
				DEVELOPMENT_TEAM = 77ZCVN8VS2;
				INFOPLIST_FILE = OmrisChat/Info.plist;
				LD_RUNPATH_SEARCH_PATHS = "$(inherited) @executable_path/Frameworks";
				PRODUCT_BUNDLE_IDENTIFIER = omri.king.OmrisChat;
				PRODUCT_NAME = "$(TARGET_NAME)";
				SWIFT_VERSION = 3.0;
			};
			name = Debug;
		};
		5A37D7531F24D29A00BCE48A /* Release */ = {
			isa = XCBuildConfiguration;
			buildSettings = {
				ASSETCATALOG_COMPILER_APPICON_NAME = AppIcon;
				DEVELOPMENT_TEAM = 77ZCVN8VS2;
				INFOPLIST_FILE = OmrisChat/Info.plist;
				LD_RUNPATH_SEARCH_PATHS = "$(inherited) @executable_path/Frameworks";
				PRODUCT_BUNDLE_IDENTIFIER = omri.king.OmrisChat;
				PRODUCT_NAME = "$(TARGET_NAME)";
				SWIFT_VERSION = 3.0;
			};
			name = Release;
		};
		5A37D7551F24D29A00BCE48A /* Debug */ = {
			isa = XCBuildConfiguration;
			buildSettings = {
				ALWAYS_EMBED_SWIFT_STANDARD_LIBRARIES = YES;
				BUNDLE_LOADER = "$(TEST_HOST)";
				DEVELOPMENT_TEAM = 77ZCVN8VS2;
				INFOPLIST_FILE = OmrisChatTests/Info.plist;
				LD_RUNPATH_SEARCH_PATHS = "$(inherited) @executable_path/Frameworks @loader_path/Frameworks";
				PRODUCT_BUNDLE_IDENTIFIER = omri.king.OmrisChatTests;
				PRODUCT_NAME = "$(TARGET_NAME)";
				SWIFT_VERSION = 3.0;
				TEST_HOST = "$(BUILT_PRODUCTS_DIR)/OmrisChat.app/OmrisChat";
			};
			name = Debug;
		};
		5A37D7561F24D29A00BCE48A /* Release */ = {
			isa = XCBuildConfiguration;
			buildSettings = {
				ALWAYS_EMBED_SWIFT_STANDARD_LIBRARIES = YES;
				BUNDLE_LOADER = "$(TEST_HOST)";
				DEVELOPMENT_TEAM = 77ZCVN8VS2;
				INFOPLIST_FILE = OmrisChatTests/Info.plist;
				LD_RUNPATH_SEARCH_PATHS = "$(inherited) @executable_path/Frameworks @loader_path/Frameworks";
				PRODUCT_BUNDLE_IDENTIFIER = omri.king.OmrisChatTests;
				PRODUCT_NAME = "$(TARGET_NAME)";
				SWIFT_VERSION = 3.0;
				TEST_HOST = "$(BUILT_PRODUCTS_DIR)/OmrisChat.app/OmrisChat";
			};
			name = Release;
		};
		5A37D7581F24D29A00BCE48A /* Debug */ = {
			isa = XCBuildConfiguration;
			buildSettings = {
				ALWAYS_EMBED_SWIFT_STANDARD_LIBRARIES = YES;
				DEVELOPMENT_TEAM = 77ZCVN8VS2;
				INFOPLIST_FILE = OmrisChatUITests/Info.plist;
				LD_RUNPATH_SEARCH_PATHS = "$(inherited) @executable_path/Frameworks @loader_path/Frameworks";
				PRODUCT_BUNDLE_IDENTIFIER = omri.king.OmrisChatUITests;
				PRODUCT_NAME = "$(TARGET_NAME)";
				SWIFT_VERSION = 3.0;
				TEST_TARGET_NAME = OmrisChat;
			};
			name = Debug;
		};
		5A37D7591F24D29A00BCE48A /* Release */ = {
			isa = XCBuildConfiguration;
			buildSettings = {
				ALWAYS_EMBED_SWIFT_STANDARD_LIBRARIES = YES;
				DEVELOPMENT_TEAM = 77ZCVN8VS2;
				INFOPLIST_FILE = OmrisChatUITests/Info.plist;
				LD_RUNPATH_SEARCH_PATHS = "$(inherited) @executable_path/Frameworks @loader_path/Frameworks";
				PRODUCT_BUNDLE_IDENTIFIER = omri.king.OmrisChatUITests;
				PRODUCT_NAME = "$(TARGET_NAME)";
				SWIFT_VERSION = 3.0;
				TEST_TARGET_NAME = OmrisChat;
			};
			name = Release;
		};
/* End XCBuildConfiguration section */

/* Begin XCConfigurationList section */
		5A37D7211F24D29A00BCE48A /* Build configuration list for PBXProject "OmrisChat" */ = {
			isa = XCConfigurationList;
			buildConfigurations = (
				5A37D74F1F24D29A00BCE48A /* Debug */,
				5A37D7501F24D29A00BCE48A /* Release */,
			);
			defaultConfigurationIsVisible = 0;
			defaultConfigurationName = Release;
		};
		5A37D7511F24D29A00BCE48A /* Build configuration list for PBXNativeTarget "OmrisChat" */ = {
			isa = XCConfigurationList;
			buildConfigurations = (
				5A37D7521F24D29A00BCE48A /* Debug */,
				5A37D7531F24D29A00BCE48A /* Release */,
			);
			defaultConfigurationIsVisible = 0;
		};
		5A37D7541F24D29A00BCE48A /* Build configuration list for PBXNativeTarget "OmrisChatTests" */ = {
			isa = XCConfigurationList;
			buildConfigurations = (
				5A37D7551F24D29A00BCE48A /* Debug */,
				5A37D7561F24D29A00BCE48A /* Release */,
			);
			defaultConfigurationIsVisible = 0;
		};
		5A37D7571F24D29A00BCE48A /* Build configuration list for PBXNativeTarget "OmrisChatUITests" */ = {
			isa = XCConfigurationList;
			buildConfigurations = (
				5A37D7581F24D29A00BCE48A /* Debug */,
				5A37D7591F24D29A00BCE48A /* Release */,
			);
			defaultConfigurationIsVisible = 0;
		};
/* End XCConfigurationList section */

/* Begin XCVersionGroup section */
		5A37D7301F24D29A00BCE48A /* OmrisChat.xcdatamodeld */ = {
			isa = XCVersionGroup;
			children = (
				5A37D7311F24D29A00BCE48A /* OmrisChat.xcdatamodel */,
			);
			currentVersion = 5A37D7311F24D29A00BCE48A /* OmrisChat.xcdatamodel */;
			path = OmrisChat.xcdatamodeld;
			sourceTree = "<group>";
			versionGroupType = wrapper.xcdatamodel;
		};
/* End XCVersionGroup section */
	};
	rootObject = 5A37D71E1F24D29A00BCE48A /* Project object */;
}
